
Microsoft Visual Studio Solution File, Format Version 12.00
# Visual Studio Version 17
VisualStudioVersion = 17.3.32804.467
MinimumVisualStudioVersion = 10.0.40219.1
Project("{9A19103F-16F7-4668-BE54-9A1E7A4F7556}") = "IsPrime", "IsPrime\IsPrime.csproj", "{F69E9D4A-C96D-437A-9275-26C6DF1A6950}"
EndProject
Project("{9A19103F-16F7-4668-BE54-9A1E7A4F7556}") = "SwapMaxMin", "SwapMaxMin\SwapMaxMin.csproj", "{520201FC-181E-4F17-9C8F-DBD2BCBC2152}"
EndProject
Project("{9A19103F-16F7-4668-BE54-9A1E7A4F7556}") = "ReverseNumberA", "ReverseNumberA\ReverseNumberA.csproj", "{944C3902-BD44-4DA0-AEB5-7B47E612747C}"
EndProject
Project("{9A19103F-16F7-4668-BE54-9A1E7A4F7556}") = "ReverseArray", "ReverseArray\ReverseArray.csproj", "{8DCCC522-EC33-4462-8136-CFA912FB7B7F}"
EndProject
Project("{9A19103F-16F7-4668-BE54-9A1E7A4F7556}") = "IsSymmetric", "IsSymmetric\IsSymmetric.csproj", "{55832A57-BA9E-4B29-A56F-140AE414EF93}"
EndProject
Project("{9A19103F-16F7-4668-BE54-9A1E7A4F7556}") = "GetPrime", "GetPrime\GetPrime.csproj", "{A3B7CC19-D481-4E29-BCA9-5B88EB4EC81A}"
EndProject
Project("{9A19103F-16F7-4668-BE54-9A1E7A4F7556}") = "GetNumberFromRandom", "GetNumberFromRandom\GetNumberFromRandom.csproj", "{057B6FC4-90F3-41DA-B5F5-6C67F8949049}"
EndProject
Project("{9A19103F-16F7-4668-BE54-9A1E7A4F7556}") = "GetMaxofMaxRow", "GetMaxofMaxRow\GetMaxofMaxRow.csproj", "{7F1617C9-2BD0-4FFA-BB20-9EA8CD294EC2}"
EndProject
Project("{9A19103F-16F7-4668-BE54-9A1E7A4F7556}") = "GetMax", "GetMax\GetMax.csproj", "{9CEA4242-730F-4E2A-A276-A7177D0B46EC}"
EndProject
Project("{9A19103F-16F7-4668-BE54-9A1E7A4F7556}") = "GetArrayData", "GetArrayData\GetArrayData.csproj", "{CD1ECB50-45C6-4348-884A-A2210BA34541}"
EndProject
Project("{9A19103F-16F7-4668-BE54-9A1E7A4F7556}") = "ReverseNumberB", "ReverseNumberB\ReverseNumberB.csproj", "{DFEBA44C-285A-4ADE-B62B-432A284336B9}"
EndProject
Project("{9A19103F-16F7-4668-BE54-9A1E7A4F7556}") = "StringVStringBuilder", "StringVStringBuilder\StringVStringBuilder.csproj", "{19E506DE-54EC-433F-8EA0-D2BDD870E77E}"
EndProject
Project("{9A19103F-16F7-4668-BE54-9A1E7A4F7556}") = "IndexOfArray", "IndexOfArray\IndexOfArray.csproj", "{111A8DE3-CB37-45E1-B604-775B7030FACE}"
EndProject
Project("{FAE04EC0-301F-11D3-BF4B-00C04F79EFBC}") = "InvokeDelegate", "InvokeDelegate\InvokeDelegate.csproj", "{E865BBE6-2844-44E4-A3A3-A0B6B5AB1A5D}"
EndProject
Global
	GlobalSection(SolutionConfigurationPlatforms) = preSolution
		Debug|Any CPU = Debug|Any CPU
		Release|Any CPU = Release|Any CPU
	EndGlobalSection
	GlobalSection(ProjectConfigurationPlatforms) = postSolution
		{F69E9D4A-C96D-437A-9275-26C6DF1A6950}.Debug|Any CPU.ActiveCfg = Debug|Any CPU
		{F69E9D4A-C96D-437A-9275-26C6DF1A6950}.Debug|Any CPU.Build.0 = Debug|Any CPU
		{F69E9D4A-C96D-437A-9275-26C6DF1A6950}.Release|Any CPU.ActiveCfg = Release|Any CPU
		{F69E9D4A-C96D-437A-9275-26C6DF1A6950}.Release|Any CPU.Build.0 = Release|Any CPU
		{520201FC-181E-4F17-9C8F-DBD2BCBC2152}.Debug|Any CPU.ActiveCfg = Debug|Any CPU
		{520201FC-181E-4F17-9C8F-DBD2BCBC2152}.Debug|Any CPU.Build.0 = Debug|Any CPU
		{520201FC-181E-4F17-9C8F-DBD2BCBC2152}.Release|Any CPU.ActiveCfg = Release|Any CPU
		{520201FC-181E-4F17-9C8F-DBD2BCBC2152}.Release|Any CPU.Build.0 = Release|Any CPU
		{944C3902-BD44-4DA0-AEB5-7B47E612747C}.Debug|Any CPU.ActiveCfg = Debug|Any CPU
		{944C3902-BD44-4DA0-AEB5-7B47E612747C}.Debug|Any CPU.Build.0 = Debug|Any CPU
		{944C3902-BD44-4DA0-AEB5-7B47E612747C}.Release|Any CPU.ActiveCfg = Release|Any CPU
		{944C3902-BD44-4DA0-AEB5-7B47E612747C}.Release|Any CPU.Build.0 = Release|Any CPU
		{8DCCC522-EC33-4462-8136-CFA912FB7B7F}.Debug|Any CPU.ActiveCfg = Debug|Any CPU
		{8DCCC522-EC33-4462-8136-CFA912FB7B7F}.Debug|Any CPU.Build.0 = Debug|Any CPU
		{8DCCC522-EC33-4462-8136-CFA912FB7B7F}.Release|Any CPU.ActiveCfg = Release|Any CPU
		{8DCCC522-EC33-4462-8136-CFA912FB7B7F}.Release|Any CPU.Build.0 = Release|Any CPU
		{55832A57-BA9E-4B29-A56F-140AE414EF93}.Debug|Any CPU.ActiveCfg = Debug|Any CPU
		{55832A57-BA9E-4B29-A56F-140AE414EF93}.Debug|Any CPU.Build.0 = Debug|Any CPU
		{55832A57-BA9E-4B29-A56F-140AE414EF93}.Release|Any CPU.ActiveCfg = Release|Any CPU
		{55832A57-BA9E-4B29-A56F-140AE414EF93}.Release|Any CPU.Build.0 = Release|Any CPU
		{A3B7CC19-D481-4E29-BCA9-5B88EB4EC81A}.Debug|Any CPU.ActiveCfg = Debug|Any CPU
		{A3B7CC19-D481-4E29-BCA9-5B88EB4EC81A}.Debug|Any CPU.Build.0 = Debug|Any CPU
		{A3B7CC19-D481-4E29-BCA9-5B88EB4EC81A}.Release|Any CPU.ActiveCfg = Release|Any CPU
		{A3B7CC19-D481-4E29-BCA9-5B88EB4EC81A}.Release|Any CPU.Build.0 = Release|Any CPU
		{057B6FC4-90F3-41DA-B5F5-6C67F8949049}.Debug|Any CPU.ActiveCfg = Debug|Any CPU
		{057B6FC4-90F3-41DA-B5F5-6C67F8949049}.Debug|Any CPU.Build.0 = Debug|Any CPU
		{057B6FC4-90F3-41DA-B5F5-6C67F8949049}.Release|Any CPU.ActiveCfg = Release|Any CPU
		{057B6FC4-90F3-41DA-B5F5-6C67F8949049}.Release|Any CPU.Build.0 = Release|Any CPU
		{7F1617C9-2BD0-4FFA-BB20-9EA8CD294EC2}.Debug|Any CPU.ActiveCfg = Debug|Any CPU
		{7F1617C9-2BD0-4FFA-BB20-9EA8CD294EC2}.Debug|Any CPU.Build.0 = Debug|Any CPU
		{7F1617C9-2BD0-4FFA-BB20-9EA8CD294EC2}.Release|Any CPU.ActiveCfg = Release|Any CPU
		{7F1617C9-2BD0-4FFA-BB20-9EA8CD294EC2}.Release|Any CPU.Build.0 = Release|Any CPU
		{9CEA4242-730F-4E2A-A276-A7177D0B46EC}.Debug|Any CPU.ActiveCfg = Debug|Any CPU
		{9CEA4242-730F-4E2A-A276-A7177D0B46EC}.Debug|Any CPU.Build.0 = Debug|Any CPU
		{9CEA4242-730F-4E2A-A276-A7177D0B46EC}.Release|Any CPU.ActiveCfg = Release|Any CPU
		{9CEA4242-730F-4E2A-A276-A7177D0B46EC}.Release|Any CPU.Build.0 = Release|Any CPU
		{CD1ECB50-45C6-4348-884A-A2210BA34541}.Debug|Any CPU.ActiveCfg = Debug|Any CPU
		{CD1ECB50-45C6-4348-884A-A2210BA34541}.Debug|Any CPU.Build.0 = Debug|Any CPU
		{CD1ECB50-45C6-4348-884A-A2210BA34541}.Release|Any CPU.ActiveCfg = Release|Any CPU
		{CD1ECB50-45C6-4348-884A-A2210BA34541}.Release|Any CPU.Build.0 = Release|Any CPU
		{DFEBA44C-285A-4ADE-B62B-432A284336B9}.Debug|Any CPU.ActiveCfg = Debug|Any CPU
		{DFEBA44C-285A-4ADE-B62B-432A284336B9}.Debug|Any CPU.Build.0 = Debug|Any CPU
		{DFEBA44C-285A-4ADE-B62B-432A284336B9}.Release|Any CPU.ActiveCfg = Release|Any CPU
		{DFEBA44C-285A-4ADE-B62B-432A284336B9}.Release|Any CPU.Build.0 = Release|Any CPU
		{19E506DE-54EC-433F-8EA0-D2BDD870E77E}.Debug|Any CPU.ActiveCfg = Debug|Any CPU
		{19E506DE-54EC-433F-8EA0-D2BDD870E77E}.Debug|Any CPU.Build.0 = Debug|Any CPU
		{19E506DE-54EC-433F-8EA0-D2BDD870E77E}.Release|Any CPU.ActiveCfg = Release|Any CPU
		{19E506DE-54EC-433F-8EA0-D2BDD870E77E}.Release|Any CPU.Build.0 = Release|Any CPU
		{111A8DE3-CB37-45E1-B604-775B7030FACE}.Debug|Any CPU.ActiveCfg = Debug|Any CPU
		{111A8DE3-CB37-45E1-B604-775B7030FACE}.Debug|Any CPU.Build.0 = Debug|Any CPU
		{111A8DE3-CB37-45E1-B604-775B7030FACE}.Release|Any CPU.ActiveCfg = Release|Any CPU
		{111A8DE3-CB37-45E1-B604-775B7030FACE}.Release|Any CPU.Build.0 = Release|Any CPU
		{E865BBE6-2844-44E4-A3A3-A0B6B5AB1A5D}.Debug|Any CPU.ActiveCfg = Debug|Any CPU
		{E865BBE6-2844-44E4-A3A3-A0B6B5AB1A5D}.Debug|Any CPU.Build.0 = Debug|Any CPU
		{E865BBE6-2844-44E4-A3A3-A0B6B5AB1A5D}.Release|Any CPU.ActiveCfg = Release|Any CPU
		{E865BBE6-2844-44E4-A3A3-A0B6B5AB1A5D}.Release|Any CPU.Build.0 = Release|Any CPU
	EndGlobalSection
	GlobalSection(SolutionProperties) = preSolution
		HideSolutionNode = FALSE
	EndGlobalSection
	GlobalSection(ExtensibilityGlobals) = postSolution
		SolutionGuid = {92CAA942-0075-4066-BB0B-F96DF8FB6A25}
	EndGlobalSection
EndGlobal
